
Microsoft Visual Studio Solution File, Format Version 12.00
Project("{FAE04EC0-301F-11D3-BF4B-00C04F79EFBC}") = "DependencyInjection", "DependencyInjection\DependencyInjection.csproj", "{7EDB1071-F20F-4100-A4C4-33C9E382875D}"
EndProject
Global
	GlobalSection(SolutionConfigurationPlatforms) = preSolution
		Debug|Any CPU = Debug|Any CPU
		Release|Any CPU = Release|Any CPU
	EndGlobalSection
	GlobalSection(ProjectConfigurationPlatforms) = postSolution
		{7EDB1071-F20F-4100-A4C4-33C9E382875D}.Debug|Any CPU.ActiveCfg = Debug|Any CPU
		{7EDB1071-F20F-4100-A4C4-33C9E382875D}.Debug|Any CPU.Build.0 = Debug|Any CPU
		{7EDB1071-F20F-4100-A4C4-33C9E382875D}.Release|Any CPU.ActiveCfg = Release|Any CPU
		{7EDB1071-F20F-4100-A4C4-33C9E382875D}.Release|Any CPU.Build.0 = Release|Any CPU
	EndGlobalSection
EndGlobal
